
Microsoft Visual Studio Solution File, Format Version 12.00
# Visual Studio Version 17
VisualStudioVersion = 17.2.32519.379
MinimumVisualStudioVersion = 10.0.40219.1
Project("{9A19103F-16F7-4668-BE54-9A1E7A4F7556}") = "TP.Net.Hw.WebUI", "src\TP.Net.Hw.WebUI\TP.Net.Hw.WebUI.csproj", "{C7B59B10-79BE-4A3F-B532-FC4AFBF4F7E6}"
EndProject
Project("{9A19103F-16F7-4668-BE54-9A1E7A4F7556}") = "TP.Net.Hw.Infrastructure", "src\TP.Net.Hw.Infrastructure\TP.Net.Hw.Infrastructure.csproj", "{0EFC67A3-F678-4B5E-9903-93FDA07FA2DF}"
EndProject
Project("{9A19103F-16F7-4668-BE54-9A1E7A4F7556}") = "TP.Net.Hw.Application", "src\TP.Net.Hw.Application\TP.Net.Hw.Application.csproj", "{C27E932C-BE9C-4F35-BD60-C00A8FF81BF7}"
EndProject
Project("{9A19103F-16F7-4668-BE54-9A1E7A4F7556}") = "TP.Net.Hw.Domain", "src\TP.Net.Hw.Domain\TP.Net.Hw.Domain.csproj", "{873AA67C-7275-477A-8654-BB49BB8A8020}"
EndProject
Project("{2150E333-8FDC-42A3-9474-1A3956D46DE8}") = "src", "src", "{6549D042-BF2F-4702-94BE-5E022E4D722F}"
EndProject
Project("{2150E333-8FDC-42A3-9474-1A3956D46DE8}") = "test", "test", "{2A64D89A-4E1A-4B1E-92B6-099D0E724C44}"
EndProject
Project("{2150E333-8FDC-42A3-9474-1A3956D46DE8}") = "consumer", "consumer", "{20A2B7CD-6017-4347-B6CB-F606F6980625}"
EndProject
Project("{9A19103F-16F7-4668-BE54-9A1E7A4F7556}") = "TP.Net.Hw.Consumer", "consumer\TP.Net.Hw.Consumer\TP.Net.Hw.Consumer.csproj", "{7ADB0EF9-B9AA-41E3-8036-50D19D39B26C}"
EndProject
Global
	GlobalSection(SolutionConfigurationPlatforms) = preSolution
		Debug|Any CPU = Debug|Any CPU
		Release|Any CPU = Release|Any CPU
	EndGlobalSection
	GlobalSection(ProjectConfigurationPlatforms) = postSolution
		{C7B59B10-79BE-4A3F-B532-FC4AFBF4F7E6}.Debug|Any CPU.ActiveCfg = Debug|Any CPU
		{C7B59B10-79BE-4A3F-B532-FC4AFBF4F7E6}.Debug|Any CPU.Build.0 = Debug|Any CPU
		{C7B59B10-79BE-4A3F-B532-FC4AFBF4F7E6}.Release|Any CPU.ActiveCfg = Release|Any CPU
		{C7B59B10-79BE-4A3F-B532-FC4AFBF4F7E6}.Release|Any CPU.Build.0 = Release|Any CPU
		{0EFC67A3-F678-4B5E-9903-93FDA07FA2DF}.Debug|Any CPU.ActiveCfg = Debug|Any CPU
		{0EFC67A3-F678-4B5E-9903-93FDA07FA2DF}.Debug|Any CPU.Build.0 = Debug|Any CPU
		{0EFC67A3-F678-4B5E-9903-93FDA07FA2DF}.Release|Any CPU.ActiveCfg = Release|Any CPU
		{0EFC67A3-F678-4B5E-9903-93FDA07FA2DF}.Release|Any CPU.Build.0 = Release|Any CPU
		{C27E932C-BE9C-4F35-BD60-C00A8FF81BF7}.Debug|Any CPU.ActiveCfg = Debug|Any CPU
		{C27E932C-BE9C-4F35-BD60-C00A8FF81BF7}.Debug|Any CPU.Build.0 = Debug|Any CPU
		{C27E932C-BE9C-4F35-BD60-C00A8FF81BF7}.Release|Any CPU.ActiveCfg = Release|Any CPU
		{C27E932C-BE9C-4F35-BD60-C00A8FF81BF7}.Release|Any CPU.Build.0 = Release|Any CPU
		{873AA67C-7275-477A-8654-BB49BB8A8020}.Debug|Any CPU.ActiveCfg = Debug|Any CPU
		{873AA67C-7275-477A-8654-BB49BB8A8020}.Debug|Any CPU.Build.0 = Debug|Any CPU
		{873AA67C-7275-477A-8654-BB49BB8A8020}.Release|Any CPU.ActiveCfg = Release|Any CPU
		{873AA67C-7275-477A-8654-BB49BB8A8020}.Release|Any CPU.Build.0 = Release|Any CPU
		{7ADB0EF9-B9AA-41E3-8036-50D19D39B26C}.Debug|Any CPU.ActiveCfg = Debug|Any CPU
		{7ADB0EF9-B9AA-41E3-8036-50D19D39B26C}.Debug|Any CPU.Build.0 = Debug|Any CPU
		{7ADB0EF9-B9AA-41E3-8036-50D19D39B26C}.Release|Any CPU.ActiveCfg = Release|Any CPU
		{7ADB0EF9-B9AA-41E3-8036-50D19D39B26C}.Release|Any CPU.Build.0 = Release|Any CPU
	EndGlobalSection
	GlobalSection(SolutionProperties) = preSolution
		HideSolutionNode = FALSE
	EndGlobalSection
	GlobalSection(NestedProjects) = preSolution
		{C7B59B10-79BE-4A3F-B532-FC4AFBF4F7E6} = {6549D042-BF2F-4702-94BE-5E022E4D722F}
		{0EFC67A3-F678-4B5E-9903-93FDA07FA2DF} = {6549D042-BF2F-4702-94BE-5E022E4D722F}
		{C27E932C-BE9C-4F35-BD60-C00A8FF81BF7} = {6549D042-BF2F-4702-94BE-5E022E4D722F}
		{873AA67C-7275-477A-8654-BB49BB8A8020} = {6549D042-BF2F-4702-94BE-5E022E4D722F}
		{7ADB0EF9-B9AA-41E3-8036-50D19D39B26C} = {20A2B7CD-6017-4347-B6CB-F606F6980625}
	EndGlobalSection
	GlobalSection(ExtensibilityGlobals) = postSolution
		SolutionGuid = {687F6A4A-BE47-411A-AD54-D1AD5D77E697}
	EndGlobalSection
EndGlobal
