
Microsoft Visual Studio Solution File, Format Version 12.00
# Visual Studio Version 17
VisualStudioVersion = 17.2.32519.379
MinimumVisualStudioVersion = 10.0.40219.1
Project("{9A19103F-16F7-4668-BE54-9A1E7A4F7556}") = "TP.Net.Hw4.WebApi", "TP.Net.Hw4.WebApi\TP.Net.Hw4.WebApi.csproj", "{C7B59B10-79BE-4A3F-B532-FC4AFBF4F7E6}"
EndProject
Project("{9A19103F-16F7-4668-BE54-9A1E7A4F7556}") = "TP.Net.Hw4.Infrastructure", "TP.Net.Hw4.Infrastructure\TP.Net.Hw4.Infrastructure.csproj", "{0EFC67A3-F678-4B5E-9903-93FDA07FA2DF}"
EndProject
Project("{9A19103F-16F7-4668-BE54-9A1E7A4F7556}") = "TP.Net.Hw4.Application", "TP.Net.Hw4.Application\TP.Net.Hw4.Application.csproj", "{C27E932C-BE9C-4F35-BD60-C00A8FF81BF7}"
EndProject
Project("{9A19103F-16F7-4668-BE54-9A1E7A4F7556}") = "TP.Net.Hw4.Domain", "Tp.Net.Hw4.Domain\TP.Net.Hw4.Domain.csproj", "{873AA67C-7275-477A-8654-BB49BB8A8020}"
EndProject
Global
	GlobalSection(SolutionConfigurationPlatforms) = preSolution
		Debug|Any CPU = Debug|Any CPU
		Release|Any CPU = Release|Any CPU
	EndGlobalSection
	GlobalSection(ProjectConfigurationPlatforms) = postSolution
		{C7B59B10-79BE-4A3F-B532-FC4AFBF4F7E6}.Debug|Any CPU.ActiveCfg = Debug|Any CPU
		{C7B59B10-79BE-4A3F-B532-FC4AFBF4F7E6}.Debug|Any CPU.Build.0 = Debug|Any CPU
		{C7B59B10-79BE-4A3F-B532-FC4AFBF4F7E6}.Release|Any CPU.ActiveCfg = Release|Any CPU
		{C7B59B10-79BE-4A3F-B532-FC4AFBF4F7E6}.Release|Any CPU.Build.0 = Release|Any CPU
		{0EFC67A3-F678-4B5E-9903-93FDA07FA2DF}.Debug|Any CPU.ActiveCfg = Debug|Any CPU
		{0EFC67A3-F678-4B5E-9903-93FDA07FA2DF}.Debug|Any CPU.Build.0 = Debug|Any CPU
		{0EFC67A3-F678-4B5E-9903-93FDA07FA2DF}.Release|Any CPU.ActiveCfg = Release|Any CPU
		{0EFC67A3-F678-4B5E-9903-93FDA07FA2DF}.Release|Any CPU.Build.0 = Release|Any CPU
		{C27E932C-BE9C-4F35-BD60-C00A8FF81BF7}.Debug|Any CPU.ActiveCfg = Debug|Any CPU
		{C27E932C-BE9C-4F35-BD60-C00A8FF81BF7}.Debug|Any CPU.Build.0 = Debug|Any CPU
		{C27E932C-BE9C-4F35-BD60-C00A8FF81BF7}.Release|Any CPU.ActiveCfg = Release|Any CPU
		{C27E932C-BE9C-4F35-BD60-C00A8FF81BF7}.Release|Any CPU.Build.0 = Release|Any CPU
		{873AA67C-7275-477A-8654-BB49BB8A8020}.Debug|Any CPU.ActiveCfg = Debug|Any CPU
		{873AA67C-7275-477A-8654-BB49BB8A8020}.Debug|Any CPU.Build.0 = Debug|Any CPU
		{873AA67C-7275-477A-8654-BB49BB8A8020}.Release|Any CPU.ActiveCfg = Release|Any CPU
		{873AA67C-7275-477A-8654-BB49BB8A8020}.Release|Any CPU.Build.0 = Release|Any CPU
	EndGlobalSection
	GlobalSection(SolutionProperties) = preSolution
		HideSolutionNode = FALSE
	EndGlobalSection
	GlobalSection(ExtensibilityGlobals) = postSolution
		SolutionGuid = {687F6A4A-BE47-411A-AD54-D1AD5D77E697}
	EndGlobalSection
EndGlobal
